
Microsoft Visual Studio Solution File, Format Version 12.00
# Visual Studio 15
VisualStudioVersion = 15.0.27703.2042
MinimumVisualStudioVersion = 10.0.40219.1
Project("{FAE04EC0-301F-11D3-BF4B-00C04F79EFBC}") = "Logbook", "Logbook\Logbook.csproj", "{9FF7AEFE-0D31-490D-96DF-31A14E24BC1E}"
EndProject
Project("{FAE04EC0-301F-11D3-BF4B-00C04F79EFBC}") = "LogbookService", "LogbookService\LogbookService.csproj", "{B9B74241-8230-487D-BDC8-02E8775161A3}"
EndProject
Global
	GlobalSection(SolutionConfigurationPlatforms) = preSolution
		Debug|Any CPU = Debug|Any CPU
		Release|Any CPU = Release|Any CPU
	EndGlobalSection
	GlobalSection(ProjectConfigurationPlatforms) = postSolution
		{9FF7AEFE-0D31-490D-96DF-31A14E24BC1E}.Debug|Any CPU.ActiveCfg = Debug|Any CPU
		{9FF7AEFE-0D31-490D-96DF-31A14E24BC1E}.Debug|Any CPU.Build.0 = Debug|Any CPU
		{9FF7AEFE-0D31-490D-96DF-31A14E24BC1E}.Release|Any CPU.ActiveCfg = Release|Any CPU
		{9FF7AEFE-0D31-490D-96DF-31A14E24BC1E}.Release|Any CPU.Build.0 = Release|Any CPU
		{B9B74241-8230-487D-BDC8-02E8775161A3}.Debug|Any CPU.ActiveCfg = Debug|Any CPU
		{B9B74241-8230-487D-BDC8-02E8775161A3}.Debug|Any CPU.Build.0 = Debug|Any CPU
		{B9B74241-8230-487D-BDC8-02E8775161A3}.Release|Any CPU.ActiveCfg = Release|Any CPU
		{B9B74241-8230-487D-BDC8-02E8775161A3}.Release|Any CPU.Build.0 = Release|Any CPU
	EndGlobalSection
	GlobalSection(SolutionProperties) = preSolution
		HideSolutionNode = FALSE
	EndGlobalSection
	GlobalSection(ExtensibilityGlobals) = postSolution
		SolutionGuid = {164CD1CB-699B-435C-AD80-1A053A84AC09}
	EndGlobalSection
EndGlobal
